github.com/u-root/u-root v0.0.0-20180806213625-12f9029297cf h1:EEvaBfp7JfttSDsqDibrSFPXga9xuthzkVt9IfatI2w=
github.com/u-root/u-root v0.0.0-20180806213625-12f9029297cf/go.mod h1:RYkpo8pTHrNjW08opNd/U6p/RJE7K0D8fXO0d47+3YY=
golang.org/x/sys v0.0.0-20201112073958-5cba982894dd h1:5CtCZbICpIOFdgO940moixOPjc0178IU44m4EjOO5IY=
golang.org/x/sys v0.0.0-20201112073958-5cba982894dd/go.mod h1:h1NjWce9XRLGQEsW7wpKNCjG9DtNlClVuFLEZdDNbEs=
